
Microsoft Visual Studio Solution File, Format Version 12.00
# Visual Studio Version 17
VisualStudioVersion = 17.10.35004.147
MinimumVisualStudioVersion = 10.0.40219.1
Project("{FAE04EC0-301F-11D3-BF4B-00C04F79EFBC}") = "ModelPersona", "ModelPersona\ModelPersona.csproj", "{B446A231-DDA7-4DC8-B72B-28AA067E04F6}"
EndProject
Project("{FAE04EC0-301F-11D3-BF4B-00C04F79EFBC}") = "PruebaTecnicaPersona", "PruebaTecnicaPersona\PruebaTecnicaPersona.csproj", "{78236FBC-F292-4B5C-ABAC-A176B2FB63BB}"
EndProject
Global
	GlobalSection(SolutionConfigurationPlatforms) = preSolution
		Debug|Any CPU = Debug|Any CPU
		Release|Any CPU = Release|Any CPU
	EndGlobalSection
	GlobalSection(ProjectConfigurationPlatforms) = postSolution
		{B446A231-DDA7-4DC8-B72B-28AA067E04F6}.Debug|Any CPU.ActiveCfg = Debug|Any CPU
		{B446A231-DDA7-4DC8-B72B-28AA067E04F6}.Debug|Any CPU.Build.0 = Debug|Any CPU
		{B446A231-DDA7-4DC8-B72B-28AA067E04F6}.Release|Any CPU.ActiveCfg = Release|Any CPU
		{B446A231-DDA7-4DC8-B72B-28AA067E04F6}.Release|Any CPU.Build.0 = Release|Any CPU
		{78236FBC-F292-4B5C-ABAC-A176B2FB63BB}.Debug|Any CPU.ActiveCfg = Debug|Any CPU
		{78236FBC-F292-4B5C-ABAC-A176B2FB63BB}.Debug|Any CPU.Build.0 = Debug|Any CPU
		{78236FBC-F292-4B5C-ABAC-A176B2FB63BB}.Release|Any CPU.ActiveCfg = Release|Any CPU
		{78236FBC-F292-4B5C-ABAC-A176B2FB63BB}.Release|Any CPU.Build.0 = Release|Any CPU
	EndGlobalSection
	GlobalSection(SolutionProperties) = preSolution
		HideSolutionNode = FALSE
	EndGlobalSection
	GlobalSection(ExtensibilityGlobals) = postSolution
		SolutionGuid = {0B8294A5-8148-496C-85F1-8271BAFAF904}
	EndGlobalSection
EndGlobal
